// !$*UTF8*$!
{
	archiveVersion = 1;
	classes = {
	};
	objectVersion = 51;
	objects = {

/* Begin PBXBuildFile section */
		540D57AA249A380000FB511A /* ECRootTabBarController.swift in Sources */ = {isa = PBXBuildFile; fileRef = 540D57A9249A380000FB511A /* ECRootTabBarController.swift */; };
		540D57AB249A380000FB511A /* ECRootTabBarController.swift in Sources */ = {isa = PBXBuildFile; fileRef = 540D57A9249A380000FB511A /* ECRootTabBarController.swift */; };
		540D57AC249A380000FB511A /* ECRootTabBarController.swift in Sources */ = {isa = PBXBuildFile; fileRef = 540D57A9249A380000FB511A /* ECRootTabBarController.swift */; };
		540D57B2249A38FB00FB511A /* ECHomeViewController.swift in Sources */ = {isa = PBXBuildFile; fileRef = 540D57B1249A38FB00FB511A /* ECHomeViewController.swift */; };
		540D57B3249A38FB00FB511A /* ECHomeViewController.swift in Sources */ = {isa = PBXBuildFile; fileRef = 540D57B1249A38FB00FB511A /* ECHomeViewController.swift */; };
		540D57B4249A38FB00FB511A /* ECHomeViewController.swift in Sources */ = {isa = PBXBuildFile; fileRef = 540D57B1249A38FB00FB511A /* ECHomeViewController.swift */; };
		540D57B6249A390E00FB511A /* ECCategoryViewController.swift in Sources */ = {isa = PBXBuildFile; fileRef = 540D57B5249A390E00FB511A /* ECCategoryViewController.swift */; };
		540D57B7249A390E00FB511A /* ECCategoryViewController.swift in Sources */ = {isa = PBXBuildFile; fileRef = 540D57B5249A390E00FB511A /* ECCategoryViewController.swift */; };
		540D57B8249A390E00FB511A /* ECCategoryViewController.swift in Sources */ = {isa = PBXBuildFile; fileRef = 540D57B5249A390E00FB511A /* ECCategoryViewController.swift */; };
		540D57BA249A393500FB511A /* ECBookshelfViewController.swift in Sources */ = {isa = PBXBuildFile; fileRef = 540D57B9249A393500FB511A /* ECBookshelfViewController.swift */; };
		540D57BB249A393500FB511A /* ECBookshelfViewController.swift in Sources */ = {isa = PBXBuildFile; fileRef = 540D57B9249A393500FB511A /* ECBookshelfViewController.swift */; };
		540D57BC249A393500FB511A /* ECBookshelfViewController.swift in Sources */ = {isa = PBXBuildFile; fileRef = 540D57B9249A393500FB511A /* ECBookshelfViewController.swift */; };
		540D57BE249A395200FB511A /* ECMineViewController.swift in Sources */ = {isa = PBXBuildFile; fileRef = 540D57BD249A395200FB511A /* ECMineViewController.swift */; };
		540D57BF249A395200FB511A /* ECMineViewController.swift in Sources */ = {isa = PBXBuildFile; fileRef = 540D57BD249A395200FB511A /* ECMineViewController.swift */; };
		540D57C0249A395200FB511A /* ECMineViewController.swift in Sources */ = {isa = PBXBuildFile; fileRef = 540D57BD249A395200FB511A /* ECMineViewController.swift */; };
		5418966624AB5E38007F19C5 /* ECRecommendViewController.swift in Sources */ = {isa = PBXBuildFile; fileRef = 5418966524AB5E38007F19C5 /* ECRecommendViewController.swift */; };
		5418966724AB5E38007F19C5 /* ECRecommendViewController.swift in Sources */ = {isa = PBXBuildFile; fileRef = 5418966524AB5E38007F19C5 /* ECRecommendViewController.swift */; };
		5418966824AB5E38007F19C5 /* ECRecommendViewController.swift in Sources */ = {isa = PBXBuildFile; fileRef = 5418966524AB5E38007F19C5 /* ECRecommendViewController.swift */; };
		542A56732493A59800657661 /* AppDelegate.swift in Sources */ = {isa = PBXBuildFile; fileRef = 542A56722493A59800657661 /* AppDelegate.swift */; };
		542A567C2493A59B00657661 /* Assets.xcassets in Resources */ = {isa = PBXBuildFile; fileRef = 542A567B2493A59B00657661 /* Assets.xcassets */; };
		542A567F2493A59B00657661 /* LaunchScreen.storyboard in Resources */ = {isa = PBXBuildFile; fileRef = 542A567D2493A59B00657661 /* LaunchScreen.storyboard */; };
		542A568A2493A59B00657661 /* EvilCartoonTests.swift in Sources */ = {isa = PBXBuildFile; fileRef = 542A56892493A59B00657661 /* EvilCartoonTests.swift */; };
		542A56952493A59B00657661 /* EvilCartoonUITests.swift in Sources */ = {isa = PBXBuildFile; fileRef = 542A56942493A59B00657661 /* EvilCartoonUITests.swift */; };
		542BF28524A0CEF500C75FD1 /* ECRootViewController.swift in Sources */ = {isa = PBXBuildFile; fileRef = 542BF28424A0CEF500C75FD1 /* ECRootViewController.swift */; };
		542BF28624A0CEF500C75FD1 /* ECRootViewController.swift in Sources */ = {isa = PBXBuildFile; fileRef = 542BF28424A0CEF500C75FD1 /* ECRootViewController.swift */; };
		542BF28724A0CEF500C75FD1 /* ECRootViewController.swift in Sources */ = {isa = PBXBuildFile; fileRef = 542BF28424A0CEF500C75FD1 /* ECRootViewController.swift */; };
		54883D2024C688C90049F1B2 /* ECRecommendReusableHeaderView.swift in Sources */ = {isa = PBXBuildFile; fileRef = 54883D1F24C688C90049F1B2 /* ECRecommendReusableHeaderView.swift */; };
		54883D2224C6D4A30049F1B2 /* UAPI.swift in Sources */ = {isa = PBXBuildFile; fileRef = 54883D2124C6D4A30049F1B2 /* UAPI.swift */; };
		54883D2424C6D6940049F1B2 /* ECRecommendModel.swift in Sources */ = {isa = PBXBuildFile; fileRef = 54883D2324C6D6940049F1B2 /* ECRecommendModel.swift */; };
		54A8ADA624CEA985009E3ACA /* Global.swift in Sources */ = {isa = PBXBuildFile; fileRef = 54E0665E24C5B01B00236855 /* Global.swift */; };
		54A8ADA724CEA98B009E3ACA /* UAPI.swift in Sources */ = {isa = PBXBuildFile; fileRef = 54883D2124C6D4A30049F1B2 /* UAPI.swift */; };
		54A8ADB524CEAB24009E3ACA /* libOCMock.a in Frameworks */ = {isa = PBXBuildFile; fileRef = 54A8ADB424CEAB24009E3ACA /* libOCMock.a */; };
		54E0665D24C5AFFF00236855 /* UIColorExtension.swift in Sources */ = {isa = PBXBuildFile; fileRef = 54E0665C24C5AFFF00236855 /* UIColorExtension.swift */; };
		54E0665F24C5B01B00236855 /* Global.swift in Sources */ = {isa = PBXBuildFile; fileRef = 54E0665E24C5B01B00236855 /* Global.swift */; };
		54FF6D9824C072B400526D04 /* ECBaseCollectionViewCell.swift in Sources */ = {isa = PBXBuildFile; fileRef = 54FF6D9724C072B400526D04 /* ECBaseCollectionViewCell.swift */; };
		54FF6D9A24C0733000526D04 /* ECRecommendCell.swift in Sources */ = {isa = PBXBuildFile; fileRef = 54FF6D9924C0733000526D04 /* ECRecommendCell.swift */; };
		5AC0553BFA2F2631034C299C /* Pods_EvilCartoon_EvilCartoonUITests.framework in Frameworks */ = {isa = PBXBuildFile; fileRef = 37211A7579DE7775CCE601A8 /* Pods_EvilCartoon_EvilCartoonUITests.framework */; };
		73DB277853C61D266FFABF12 /* Pods_EvilCartoon.framework in Frameworks */ = {isa = PBXBuildFile; fileRef = B9A920D557EEE7FD9655DCB7 /* Pods_EvilCartoon.framework */; };
		EC779ACC3DAAC1F31B619238 /* Pods_EvilCartoonTests.framework in Frameworks */ = {isa = PBXBuildFile; fileRef = 924B4DA928F5119A018BB0FF /* Pods_EvilCartoonTests.framework */; };
/* End PBXBuildFile section */

/* Begin PBXContainerItemProxy section */
		542A56862493A59B00657661 /* PBXContainerItemProxy */ = {
			isa = PBXContainerItemProxy;
			containerPortal = 542A56672493A59800657661 /* Project object */;
			proxyType = 1;
			remoteGlobalIDString = 542A566E2493A59800657661;
			remoteInfo = EvilCartoon;
		};
		542A56912493A59B00657661 /* PBXContainerItemProxy */ = {
			isa = PBXContainerItemProxy;
			containerPortal = 542A56672493A59800657661 /* Project object */;
			proxyType = 1;
			remoteGlobalIDString = 542A566E2493A59800657661;
			remoteInfo = EvilCartoon;
		};
/* End PBXContainerItemProxy section */

/* Begin PBXFileReference section */
		14BEDE5017F68D67AB5D1413 /* Pods-EvilCartoonTests.release.xcconfig */ = {isa = PBXFileReference; includeInIndex = 1; lastKnownFileType = text.xcconfig; name = "Pods-EvilCartoonTests.release.xcconfig"; path = "Target Support Files/Pods-EvilCartoonTests/Pods-EvilCartoonTests.release.xcconfig"; sourceTree = "<group>"; };
		37211A7579DE7775CCE601A8 /* Pods_EvilCartoon_EvilCartoonUITests.framework */ = {isa = PBXFileReference; explicitFileType = wrapper.framework; includeInIndex = 0; path = Pods_EvilCartoon_EvilCartoonUITests.framework; sourceTree = BUILT_PRODUCTS_DIR; };
		3F1D5C0BE402D76706920D90 /* Pods-EvilCartoon.debug.xcconfig */ = {isa = PBXFileReference; includeInIndex = 1; lastKnownFileType = text.xcconfig; name = "Pods-EvilCartoon.debug.xcconfig"; path = "Target Support Files/Pods-EvilCartoon/Pods-EvilCartoon.debug.xcconfig"; sourceTree = "<group>"; };
		41A6965028398C25916CD3BD /* Pods-EvilCartoonTests.debug.xcconfig */ = {isa = PBXFileReference; includeInIndex = 1; lastKnownFileType = text.xcconfig; name = "Pods-EvilCartoonTests.debug.xcconfig"; path = "Target Support Files/Pods-EvilCartoonTests/Pods-EvilCartoonTests.debug.xcconfig"; sourceTree = "<group>"; };
		47CEB2BD4EF505990BB983D2 /* Pods-EvilCartoon-EvilCartoonUITests.release.xcconfig */ = {isa = PBXFileReference; includeInIndex = 1; lastKnownFileType = text.xcconfig; name = "Pods-EvilCartoon-EvilCartoonUITests.release.xcconfig"; path = "Target Support Files/Pods-EvilCartoon-EvilCartoonUITests/Pods-EvilCartoon-EvilCartoonUITests.release.xcconfig"; sourceTree = "<group>"; };
		540D57A9249A380000FB511A /* ECRootTabBarController.swift */ = {isa = PBXFileReference; lastKnownFileType = sourcecode.swift; path = ECRootTabBarController.swift; sourceTree = "<group>"; };
		540D57B1249A38FB00FB511A /* ECHomeViewController.swift */ = {isa = PBXFileReference; lastKnownFileType = sourcecode.swift; path = ECHomeViewController.swift; sourceTree = "<group>"; };
		540D57B5249A390E00FB511A /* ECCategoryViewController.swift */ = {isa = PBXFileReference; lastKnownFileType = sourcecode.swift; path = ECCategoryViewController.swift; sourceTree = "<group>"; };
		540D57B9249A393500FB511A /* ECBookshelfViewController.swift */ = {isa = PBXFileReference; lastKnownFileType = sourcecode.swift; path = ECBookshelfViewController.swift; sourceTree = "<group>"; };
		540D57BD249A395200FB511A /* ECMineViewController.swift */ = {isa = PBXFileReference; lastKnownFileType = sourcecode.swift; path = ECMineViewController.swift; sourceTree = "<group>"; };
		5418966524AB5E38007F19C5 /* ECRecommendViewController.swift */ = {isa = PBXFileReference; lastKnownFileType = sourcecode.swift; path = ECRecommendViewController.swift; sourceTree = "<group>"; };
		542A566F2493A59800657661 /* EvilCartoon.app */ = {isa = PBXFileReference; explicitFileType = wrapper.application; includeInIndex = 0; path = EvilCartoon.app; sourceTree = BUILT_PRODUCTS_DIR; };
		542A56722493A59800657661 /* AppDelegate.swift */ = {isa = PBXFileReference; lastKnownFileType = sourcecode.swift; path = AppDelegate.swift; sourceTree = "<group>"; };
		542A567B2493A59B00657661 /* Assets.xcassets */ = {isa = PBXFileReference; lastKnownFileType = folder.assetcatalog; path = Assets.xcassets; sourceTree = "<group>"; };
		542A567E2493A59B00657661 /* Base */ = {isa = PBXFileReference; lastKnownFileType = file.storyboard; name = Base; path = Base.lproj/LaunchScreen.storyboard; sourceTree = "<group>"; };
		542A56802493A59B00657661 /* Info.plist */ = {isa = PBXFileReference; lastKnownFileType = text.plist.xml; path = Info.plist; sourceTree = "<group>"; };
		542A56852493A59B00657661 /* EvilCartoonTests.xctest */ = {isa = PBXFileReference; explicitFileType = wrapper.cfbundle; includeInIndex = 0; path = EvilCartoonTests.xctest; sourceTree = BUILT_PRODUCTS_DIR; };
		542A56892493A59B00657661 /* EvilCartoonTests.swift */ = {isa = PBXFileReference; lastKnownFileType = sourcecode.swift; path = EvilCartoonTests.swift; sourceTree = "<group>"; };
		542A568B2493A59B00657661 /* Info.plist */ = {isa = PBXFileReference; lastKnownFileType = text.plist.xml; path = Info.plist; sourceTree = "<group>"; };
		542A56902493A59B00657661 /* EvilCartoonUITests.xctest */ = {isa = PBXFileReference; explicitFileType = wrapper.cfbundle; includeInIndex = 0; path = EvilCartoonUITests.xctest; sourceTree = BUILT_PRODUCTS_DIR; };
		542A56942493A59B00657661 /* EvilCartoonUITests.swift */ = {isa = PBXFileReference; lastKnownFileType = sourcecode.swift; path = EvilCartoonUITests.swift; sourceTree = "<group>"; };
		542A56962493A59C00657661 /* Info.plist */ = {isa = PBXFileReference; lastKnownFileType = text.plist.xml; path = Info.plist; sourceTree = "<group>"; };
		542BF28424A0CEF500C75FD1 /* ECRootViewController.swift */ = {isa = PBXFileReference; lastKnownFileType = sourcecode.swift; path = ECRootViewController.swift; sourceTree = "<group>"; };
		54883D1F24C688C90049F1B2 /* ECRecommendReusableHeaderView.swift */ = {isa = PBXFileReference; lastKnownFileType = sourcecode.swift; path = ECRecommendReusableHeaderView.swift; sourceTree = "<group>"; };
		54883D2124C6D4A30049F1B2 /* UAPI.swift */ = {isa = PBXFileReference; fileEncoding = 4; lastKnownFileType = sourcecode.swift; path = UAPI.swift; sourceTree = "<group>"; };
		54883D2324C6D6940049F1B2 /* ECRecommendModel.swift */ = {isa = PBXFileReference; lastKnownFileType = sourcecode.swift; path = ECRecommendModel.swift; sourceTree = "<group>"; };
		54A8ADAB24CEAB24009E3ACA /* OCMockObject.h */ = {isa = PBXFileReference; fileEncoding = 4; lastKnownFileType = sourcecode.c.h; path = OCMockObject.h; sourceTree = "<group>"; };
		54A8ADAC24CEAB24009E3ACA /* OCMMacroState.h */ = {isa = PBXFileReference; fileEncoding = 4; lastKnownFileType = sourcecode.c.h; path = OCMMacroState.h; sourceTree = "<group>"; };
		54A8ADAD24CEAB24009E3ACA /* OCMock.h */ = {isa = PBXFileReference; fileEncoding = 4; lastKnownFileType = sourcecode.c.h; path = OCMock.h; sourceTree = "<group>"; };
		54A8ADAE24CEAB24009E3ACA /* NSNotificationCenter+OCMAdditions.h */ = {isa = PBXFileReference; fileEncoding = 4; lastKnownFileType = sourcecode.c.h; path = "NSNotificationCenter+OCMAdditions.h"; sourceTree = "<group>"; };
		54A8ADAF24CEAB24009E3ACA /* OCMockRecorder.h */ = {isa = PBXFileReference; fileEncoding = 4; lastKnownFileType = sourcecode.c.h; path = OCMockRecorder.h; sourceTree = "<group>"; };
		54A8ADB024CEAB24009E3ACA /* OCMLocation.h */ = {isa = PBXFileReference; fileEncoding = 4; lastKnownFileType = sourcecode.c.h; path = OCMLocation.h; sourceTree = "<group>"; };
		54A8ADB124CEAB24009E3ACA /* OCMConstraint.h */ = {isa = PBXFileReference; fileEncoding = 4; lastKnownFileType = sourcecode.c.h; path = OCMConstraint.h; sourceTree = "<group>"; };
		54A8ADB224CEAB24009E3ACA /* OCMArg.h */ = {isa = PBXFileReference; fileEncoding = 4; lastKnownFileType = sourcecode.c.h; path = OCMArg.h; sourceTree = "<group>"; };
		54A8ADB424CEAB24009E3ACA /* libOCMock.a */ = {isa = PBXFileReference; lastKnownFileType = archive.ar; path = libOCMock.a; sourceTree = "<group>"; };
		54B0EFCC24AF4ECD00771D98 /* EvilCartoon-Bridging-Header.h */ = {isa = PBXFileReference; lastKnownFileType = sourcecode.c.h; path = "EvilCartoon-Bridging-Header.h"; sourceTree = "<group>"; };
		54E0665C24C5AFFF00236855 /* UIColorExtension.swift */ = {isa = PBXFileReference; lastKnownFileType = sourcecode.swift; path = UIColorExtension.swift; sourceTree = "<group>"; };
		54E0665E24C5B01B00236855 /* Global.swift */ = {isa = PBXFileReference; lastKnownFileType = sourcecode.swift; path = Global.swift; sourceTree = "<group>"; };
		54FF6D9724C072B400526D04 /* ECBaseCollectionViewCell.swift */ = {isa = PBXFileReference; lastKnownFileType = sourcecode.swift; path = ECBaseCollectionViewCell.swift; sourceTree = "<group>"; };
		54FF6D9924C0733000526D04 /* ECRecommendCell.swift */ = {isa = PBXFileReference; lastKnownFileType = sourcecode.swift; path = ECRecommendCell.swift; sourceTree = "<group>"; };
		5871D2BDF20FA53A5E8A22CC /* Pods-EvilCartoon-EvilCartoonUITests.debug.xcconfig */ = {isa = PBXFileReference; includeInIndex = 1; lastKnownFileType = text.xcconfig; name = "Pods-EvilCartoon-EvilCartoonUITests.debug.xcconfig"; path = "Target Support Files/Pods-EvilCartoon-EvilCartoonUITests/Pods-EvilCartoon-EvilCartoonUITests.debug.xcconfig"; sourceTree = "<group>"; };
		91576F3DCA6CF4C7851DA19C /* Pods-EvilCartoon.release.xcconfig */ = {isa = PBXFileReference; includeInIndex = 1; lastKnownFileType = text.xcconfig; name = "Pods-EvilCartoon.release.xcconfig"; path = "Target Support Files/Pods-EvilCartoon/Pods-EvilCartoon.release.xcconfig"; sourceTree = "<group>"; };
		924B4DA928F5119A018BB0FF /* Pods_EvilCartoonTests.framework */ = {isa = PBXFileReference; explicitFileType = wrapper.framework; includeInIndex = 0; path = Pods_EvilCartoonTests.framework; sourceTree = BUILT_PRODUCTS_DIR; };
		B9A920D557EEE7FD9655DCB7 /* Pods_EvilCartoon.framework */ = {isa = PBXFileReference; explicitFileType = wrapper.framework; includeInIndex = 0; path = Pods_EvilCartoon.framework; sourceTree = BUILT_PRODUCTS_DIR; };
/* End PBXFileReference section */

/* Begin PBXFrameworksBuildPhase section */
		542A566C2493A59800657661 /* Frameworks */ = {
			isa = PBXFrameworksBuildPhase;
			buildActionMask = 2147483647;
			files = (
				73DB277853C61D266FFABF12 /* Pods_EvilCartoon.framework in Frameworks */,
			);
			runOnlyForDeploymentPostprocessing = 0;
		};
		542A56822493A59B00657661 /* Frameworks */ = {
			isa = PBXFrameworksBuildPhase;
			buildActionMask = 2147483647;
			files = (
				EC779ACC3DAAC1F31B619238 /* Pods_EvilCartoonTests.framework in Frameworks */,
				54A8ADB524CEAB24009E3ACA /* libOCMock.a in Frameworks */,
			);
			runOnlyForDeploymentPostprocessing = 0;
		};
		542A568D2493A59B00657661 /* Frameworks */ = {
			isa = PBXFrameworksBuildPhase;
			buildActionMask = 2147483647;
			files = (
				5AC0553BFA2F2631034C299C /* Pods_EvilCartoon_EvilCartoonUITests.framework in Frameworks */,
			);
			runOnlyForDeploymentPostprocessing = 0;
		};
/* End PBXFrameworksBuildPhase section */

/* Begin PBXGroup section */
		37A08CA29EA36064864E0631 /* Frameworks */ = {
			isa = PBXGroup;
			children = (
				B9A920D557EEE7FD9655DCB7 /* Pods_EvilCartoon.framework */,
				37211A7579DE7775CCE601A8 /* Pods_EvilCartoon_EvilCartoonUITests.framework */,
				924B4DA928F5119A018BB0FF /* Pods_EvilCartoonTests.framework */,
			);
			name = Frameworks;
			sourceTree = "<group>";
		};
		540D57A8249A37AB00FB511A /* RootController */ = {
			isa = PBXGroup;
			children = (
				540D57A9249A380000FB511A /* ECRootTabBarController.swift */,
				542BF28424A0CEF500C75FD1 /* ECRootViewController.swift */,
				54FF6D9724C072B400526D04 /* ECBaseCollectionViewCell.swift */,
			);
			path = RootController;
			sourceTree = "<group>";
		};
		540D57AD249A383000FB511A /* Mine */ = {
			isa = PBXGroup;
			children = (
				540D57BD249A395200FB511A /* ECMineViewController.swift */,
			);
			path = Mine;
			sourceTree = "<group>";
		};
		540D57AE249A383500FB511A /* Bookshelf */ = {
			isa = PBXGroup;
			children = (
				540D57B9249A393500FB511A /* ECBookshelfViewController.swift */,
			);
			path = Bookshelf;
			sourceTree = "<group>";
		};
		540D57AF249A384800FB511A /* Category */ = {
			isa = PBXGroup;
			children = (
				540D57B5249A390E00FB511A /* ECCategoryViewController.swift */,
			);
			path = Category;
			sourceTree = "<group>";
		};
		540D57B0249A384D00FB511A /* Home */ = {
			isa = PBXGroup;
			children = (
				542BF28C24A0D03C00C75FD1 /* RootHome */,
				542BF28D24A0D05200C75FD1 /* Recommend */,
				542BF29224A0D08500C75FD1 /* VIP */,
				542BF29724A0D0B400C75FD1 /* Subscribe */,
				542BF29C24A0D10E00C75FD1 /* Ranking */,
			);
			path = Home;
			sourceTree = "<group>";
		};
		542A56662493A59800657661 = {
			isa = PBXGroup;
			children = (
				542A56712493A59800657661 /* EvilCartoon */,
				542A56882493A59B00657661 /* EvilCartoonTests */,
				542A56932493A59B00657661 /* EvilCartoonUITests */,
				542A56702493A59800657661 /* Products */,
				640B817CB3955088FBE8562B /* Pods */,
				37A08CA29EA36064864E0631 /* Frameworks */,
			);
			sourceTree = "<group>";
		};
		542A56702493A59800657661 /* Products */ = {
			isa = PBXGroup;
			children = (
				542A566F2493A59800657661 /* EvilCartoon.app */,
				542A56852493A59B00657661 /* EvilCartoonTests.xctest */,
				542A56902493A59B00657661 /* EvilCartoonUITests.xctest */,
			);
			name = Products;
			sourceTree = "<group>";
		};
		542A56712493A59800657661 /* EvilCartoon */ = {
			isa = PBXGroup;
			children = (
				54B0EFCA24AF4CAF00771D98 /* Utils */,
				540D57B0249A384D00FB511A /* Home */,
				540D57AF249A384800FB511A /* Category */,
				540D57AE249A383500FB511A /* Bookshelf */,
				540D57AD249A383000FB511A /* Mine */,
				540D57A8249A37AB00FB511A /* RootController */,
				542A56722493A59800657661 /* AppDelegate.swift */,
				542A567B2493A59B00657661 /* Assets.xcassets */,
				542A567D2493A59B00657661 /* LaunchScreen.storyboard */,
				542A56802493A59B00657661 /* Info.plist */,
			);
			path = EvilCartoon;
			sourceTree = "<group>";
		};
		542A56882493A59B00657661 /* EvilCartoonTests */ = {
			isa = PBXGroup;
			children = (
				54A8ADA824CEAB24009E3ACA /* usr */,
				542A56892493A59B00657661 /* EvilCartoonTests.swift */,
				542A568B2493A59B00657661 /* Info.plist */,
			);
			path = EvilCartoonTests;
			sourceTree = "<group>";
		};
		542A56932493A59B00657661 /* EvilCartoonUITests */ = {
			isa = PBXGroup;
			children = (
				542A56942493A59B00657661 /* EvilCartoonUITests.swift */,
				542A56962493A59C00657661 /* Info.plist */,
			);
			path = EvilCartoonUITests;
			sourceTree = "<group>";
		};
		542BF28824A0CF6C00C75FD1 /* Model */ = {
			isa = PBXGroup;
			children = (
			);
			path = Model;
			sourceTree = "<group>";
		};
		542BF28924A0CF7700C75FD1 /* ViewModel */ = {
			isa = PBXGroup;
			children = (
			);
			path = ViewModel;
			sourceTree = "<group>";
		};
		542BF28A24A0CF7F00C75FD1 /* View */ = {
			isa = PBXGroup;
			children = (
			);
			path = View;
			sourceTree = "<group>";
		};
		542BF28B24A0CF8700C75FD1 /* Controller */ = {
			isa = PBXGroup;
			children = (
				540D57B1249A38FB00FB511A /* ECHomeViewController.swift */,
			);
			path = Controller;
			sourceTree = "<group>";
		};
		542BF28C24A0D03C00C75FD1 /* RootHome */ = {
			isa = PBXGroup;
			children = (
				542BF28824A0CF6C00C75FD1 /* Model */,
				542BF28924A0CF7700C75FD1 /* ViewModel */,
				542BF28A24A0CF7F00C75FD1 /* View */,
				542BF28B24A0CF8700C75FD1 /* Controller */,
			);
			path = RootHome;
			sourceTree = "<group>";
		};
		542BF28D24A0D05200C75FD1 /* Recommend */ = {
			isa = PBXGroup;
			children = (
				542BF29124A0D07700C75FD1 /* Controller */,
				542BF29024A0D07000C75FD1 /* ViewModel */,
				542BF28F24A0D06C00C75FD1 /* View */,
				542BF28E24A0D06400C75FD1 /* Model */,
			);
			path = Recommend;
			sourceTree = "<group>";
		};
		542BF28E24A0D06400C75FD1 /* Model */ = {
			isa = PBXGroup;
			children = (
				54883D2324C6D6940049F1B2 /* ECRecommendModel.swift */,
			);
			path = Model;
			sourceTree = "<group>";
		};
		542BF28F24A0D06C00C75FD1 /* View */ = {
			isa = PBXGroup;
			children = (
				54FF6D9924C0733000526D04 /* ECRecommendCell.swift */,
				54883D1F24C688C90049F1B2 /* ECRecommendReusableHeaderView.swift */,
			);
			path = View;
			sourceTree = "<group>";
		};
		542BF29024A0D07000C75FD1 /* ViewModel */ = {
			isa = PBXGroup;
			children = (
			);
			path = ViewModel;
			sourceTree = "<group>";
		};
		542BF29124A0D07700C75FD1 /* Controller */ = {
			isa = PBXGroup;
			children = (
				5418966524AB5E38007F19C5 /* ECRecommendViewController.swift */,
			);
			path = Controller;
			sourceTree = "<group>";
		};
		542BF29224A0D08500C75FD1 /* VIP */ = {
			isa = PBXGroup;
			children = (
				542BF29624A0D0AE00C75FD1 /* Controller */,
				542BF29524A0D0A700C75FD1 /* ViewModel */,
				542BF29424A0D0A200C75FD1 /* View */,
				542BF29324A0D09B00C75FD1 /* Model */,
			);
			path = VIP;
			sourceTree = "<group>";
		};
		542BF29324A0D09B00C75FD1 /* Model */ = {
			isa = PBXGroup;
			children = (
			);
			path = Model;
			sourceTree = "<group>";
		};
		542BF29424A0D0A200C75FD1 /* View */ = {
			isa = PBXGroup;
			children = (
			);
			path = View;
			sourceTree = "<group>";
		};
		542BF29524A0D0A700C75FD1 /* ViewModel */ = {
			isa = PBXGroup;
			children = (
			);
			path = ViewModel;
			sourceTree = "<group>";
		};
		542BF29624A0D0AE00C75FD1 /* Controller */ = {
			isa = PBXGroup;
			children = (
			);
			path = Controller;
			sourceTree = "<group>";
		};
		542BF29724A0D0B400C75FD1 /* Subscribe */ = {
			isa = PBXGroup;
			children = (
				542BF29B24A0D10800C75FD1 /* Controller */,
				542BF29A24A0D0FC00C75FD1 /* ViewModel */,
				542BF29924A0D0F800C75FD1 /* View */,
				542BF29824A0D0F100C75FD1 /* Model */,
			);
			path = Subscribe;
			sourceTree = "<group>";
		};
		542BF29824A0D0F100C75FD1 /* Model */ = {
			isa = PBXGroup;
			children = (
			);
			path = Model;
			sourceTree = "<group>";
		};
		542BF29924A0D0F800C75FD1 /* View */ = {
			isa = PBXGroup;
			children = (
			);
			path = View;
			sourceTree = "<group>";
		};
		542BF29A24A0D0FC00C75FD1 /* ViewModel */ = {
			isa = PBXGroup;
			children = (
			);
			path = ViewModel;
			sourceTree = "<group>";
		};
		542BF29B24A0D10800C75FD1 /* Controller */ = {
			isa = PBXGroup;
			children = (
			);
			path = Controller;
			sourceTree = "<group>";
		};
		542BF29C24A0D10E00C75FD1 /* Ranking */ = {
			isa = PBXGroup;
			children = (
				542BF2A024A0D15500C75FD1 /* Controller */,
				542BF29F24A0D15000C75FD1 /* View */,
				542BF29E24A0D14A00C75FD1 /* ViewModel */,
				542BF29D24A0D14400C75FD1 /* Model */,
			);
			path = Ranking;
			sourceTree = "<group>";
		};
		542BF29D24A0D14400C75FD1 /* Model */ = {
			isa = PBXGroup;
			children = (
			);
			path = Model;
			sourceTree = "<group>";
		};
		542BF29E24A0D14A00C75FD1 /* ViewModel */ = {
			isa = PBXGroup;
			children = (
			);
			path = ViewModel;
			sourceTree = "<group>";
		};
		542BF29F24A0D15000C75FD1 /* View */ = {
			isa = PBXGroup;
			children = (
			);
			path = View;
			sourceTree = "<group>";
		};
		542BF2A024A0D15500C75FD1 /* Controller */ = {
			isa = PBXGroup;
			children = (
			);
			path = Controller;
			sourceTree = "<group>";
		};
		54A8ADA824CEAB24009E3ACA /* usr */ = {
			isa = PBXGroup;
			children = (
				54A8ADA924CEAB24009E3ACA /* include */,
				54A8ADB324CEAB24009E3ACA /* lib */,
			);
			path = usr;
			sourceTree = "<group>";
		};
		54A8ADA924CEAB24009E3ACA /* include */ = {
			isa = PBXGroup;
			children = (
				54A8ADAA24CEAB24009E3ACA /* OCMock */,
			);
			path = include;
			sourceTree = "<group>";
		};
		54A8ADAA24CEAB24009E3ACA /* OCMock */ = {
			isa = PBXGroup;
			children = (
				54A8ADAB24CEAB24009E3ACA /* OCMockObject.h */,
				54A8ADAC24CEAB24009E3ACA /* OCMMacroState.h */,
				54A8ADAD24CEAB24009E3ACA /* OCMock.h */,
				54A8ADAE24CEAB24009E3ACA /* NSNotificationCenter+OCMAdditions.h */,
				54A8ADAF24CEAB24009E3ACA /* OCMockRecorder.h */,
				54A8ADB024CEAB24009E3ACA /* OCMLocation.h */,
				54A8ADB124CEAB24009E3ACA /* OCMConstraint.h */,
				54A8ADB224CEAB24009E3ACA /* OCMArg.h */,
			);
			path = OCMock;
			sourceTree = "<group>";
		};
		54A8ADB324CEAB24009E3ACA /* lib */ = {
			isa = PBXGroup;
			children = (
				54A8ADB424CEAB24009E3ACA /* libOCMock.a */,
			);
			path = lib;
			sourceTree = "<group>";
		};
		54B0EFCA24AF4CAF00771D98 /* Utils */ = {
			isa = PBXGroup;
			children = (
				54E0665924C5AF2400236855 /* Extension */,
				54B0EFCC24AF4ECD00771D98 /* EvilCartoon-Bridging-Header.h */,
				54E0665E24C5B01B00236855 /* Global.swift */,
				54883D2124C6D4A30049F1B2 /* UAPI.swift */,
			);
			path = Utils;
			sourceTree = "<group>";
		};
		54E0665924C5AF2400236855 /* Extension */ = {
			isa = PBXGroup;
			children = (
				54E0665C24C5AFFF00236855 /* UIColorExtension.swift */,
			);
			path = Extension;
			sourceTree = "<group>";
		};
		640B817CB3955088FBE8562B /* Pods */ = {
			isa = PBXGroup;
			children = (
				3F1D5C0BE402D76706920D90 /* Pods-EvilCartoon.debug.xcconfig */,
				91576F3DCA6CF4C7851DA19C /* Pods-EvilCartoon.release.xcconfig */,
				5871D2BDF20FA53A5E8A22CC /* Pods-EvilCartoon-EvilCartoonUITests.debug.xcconfig */,
				47CEB2BD4EF505990BB983D2 /* Pods-EvilCartoon-EvilCartoonUITests.release.xcconfig */,
				41A6965028398C25916CD3BD /* Pods-EvilCartoonTests.debug.xcconfig */,
				14BEDE5017F68D67AB5D1413 /* Pods-EvilCartoonTests.release.xcconfig */,
			);
			path = Pods;
			sourceTree = "<group>";
		};
/* End PBXGroup section */

/* Begin PBXNativeTarget section */
		542A566E2493A59800657661 /* EvilCartoon */ = {
			isa = PBXNativeTarget;
			buildConfigurationList = 542A56992493A59C00657661 /* Build configuration list for PBXNativeTarget "EvilCartoon" */;
			buildPhases = (
				EEF75C0C794727547A050649 /* [CP] Check Pods Manifest.lock */,
				542A566B2493A59800657661 /* Sources */,
				542A566C2493A59800657661 /* Frameworks */,
				542A566D2493A59800657661 /* Resources */,
				22C328CF5A473D074C7B65D0 /* [CP] Embed Pods Frameworks */,
			);
			buildRules = (
			);
			dependencies = (
			);
			name = EvilCartoon;
			productName = EvilCartoon;
			productReference = 542A566F2493A59800657661 /* EvilCartoon.app */;
			productType = "com.apple.product-type.application";
		};
		542A56842493A59B00657661 /* EvilCartoonTests */ = {
			isa = PBXNativeTarget;
			buildConfigurationList = 542A569C2493A59C00657661 /* Build configuration list for PBXNativeTarget "EvilCartoonTests" */;
			buildPhases = (
				20E713678F0AD6DC26503FF7 /* [CP] Check Pods Manifest.lock */,
				542A56812493A59B00657661 /* Sources */,
				542A56822493A59B00657661 /* Frameworks */,
				542A56832493A59B00657661 /* Resources */,
				BEE1F3590414EBD3363CACBB /* [CP] Embed Pods Frameworks */,
			);
			buildRules = (
			);
			dependencies = (
				542A56872493A59B00657661 /* PBXTargetDependency */,
			);
			name = EvilCartoonTests;
			productName = EvilCartoonTests;
			productReference = 542A56852493A59B00657661 /* EvilCartoonTests.xctest */;
			productType = "com.apple.product-type.bundle.unit-test";
		};
		542A568F2493A59B00657661 /* EvilCartoonUITests */ = {
			isa = PBXNativeTarget;
			buildConfigurationList = 542A569F2493A59C00657661 /* Build configuration list for PBXNativeTarget "EvilCartoonUITests" */;
			buildPhases = (
				8312BA70141F061FAE8781E2 /* [CP] Check Pods Manifest.lock */,
				542A568C2493A59B00657661 /* Sources */,
				542A568D2493A59B00657661 /* Frameworks */,
				542A568E2493A59B00657661 /* Resources */,
				315C29C553EE131933D42A23 /* [CP] Embed Pods Frameworks */,
			);
			buildRules = (
			);
			dependencies = (
				542A56922493A59B00657661 /* PBXTargetDependency */,
			);
			name = EvilCartoonUITests;
			productName = EvilCartoonUITests;
			productReference = 542A56902493A59B00657661 /* EvilCartoonUITests.xctest */;
			productType = "com.apple.product-type.bundle.ui-testing";
		};
/* End PBXNativeTarget section */

/* Begin PBXProject section */
		542A56672493A59800657661 /* Project object */ = {
			isa = PBXProject;
			attributes = {
				LastSwiftUpdateCheck = 1120;
				LastUpgradeCheck = 1120;
				ORGANIZATIONNAME = howhyone;
				TargetAttributes = {
					542A566E2493A59800657661 = {
						CreatedOnToolsVersion = 11.2.1;
					};
					542A56842493A59B00657661 = {
						CreatedOnToolsVersion = 11.2.1;
						TestTargetID = 542A566E2493A59800657661;
					};
					542A568F2493A59B00657661 = {
						CreatedOnToolsVersion = 11.2.1;
						TestTargetID = 542A566E2493A59800657661;
					};
				};
			};
			buildConfigurationList = 542A566A2493A59800657661 /* Build configuration list for PBXProject "EvilCartoon" */;
			compatibilityVersion = "Xcode 9.3";
			developmentRegion = en;
			hasScannedForEncodings = 0;
			knownRegions = (
				en,
				Base,
			);
			mainGroup = 542A56662493A59800657661;
			productRefGroup = 542A56702493A59800657661 /* Products */;
			projectDirPath = "";
			projectRoot = "";
			targets = (
				542A566E2493A59800657661 /* EvilCartoon */,
				542A56842493A59B00657661 /* EvilCartoonTests */,
				542A568F2493A59B00657661 /* EvilCartoonUITests */,
			);
		};
/* End PBXProject section */

/* Begin PBXResourcesBuildPhase section */
		542A566D2493A59800657661 /* Resources */ = {
			isa = PBXResourcesBuildPhase;
			buildActionMask = 2147483647;
			files = (
				542A567F2493A59B00657661 /* LaunchScreen.storyboard in Resources */,
				542A567C2493A59B00657661 /* Assets.xcassets in Resources */,
			);
			runOnlyForDeploymentPostprocessing = 0;
		};
		542A56832493A59B00657661 /* Resources */ = {
			isa = PBXResourcesBuildPhase;
			buildActionMask = 2147483647;
			files = (
			);
			runOnlyForDeploymentPostprocessing = 0;
		};
		542A568E2493A59B00657661 /* Resources */ = {
			isa = PBXResourcesBuildPhase;
			buildActionMask = 2147483647;
			files = (
			);
			runOnlyForDeploymentPostprocessing = 0;
		};
/* End PBXResourcesBuildPhase section */

/* Begin PBXShellScriptBuildPhase section */
		20E713678F0AD6DC26503FF7 /* [CP] Check Pods Manifest.lock */ = {
			isa = PBXShellScriptBuildPhase;
			buildActionMask = 2147483647;
			files = (
			);
			inputFileListPaths = (
			);
			inputPaths = (
				"${PODS_PODFILE_DIR_PATH}/Podfile.lock",
				"${PODS_ROOT}/Manifest.lock",
			);
			name = "[CP] Check Pods Manifest.lock";
			outputFileListPaths = (
			);
			outputPaths = (
				"$(DERIVED_FILE_DIR)/Pods-EvilCartoonTests-checkManifestLockResult.txt",
			);
			runOnlyForDeploymentPostprocessing = 0;
			shellPath = /bin/sh;
			shellScript = "diff \"${PODS_PODFILE_DIR_PATH}/Podfile.lock\" \"${PODS_ROOT}/Manifest.lock\" > /dev/null\nif [ $? != 0 ] ; then\n    # print error to STDERR\n    echo \"error: The sandbox is not in sync with the Podfile.lock. Run 'pod install' or update your CocoaPods installation.\" >&2\n    exit 1\nfi\n# This output is used by Xcode 'outputs' to avoid re-running this script phase.\necho \"SUCCESS\" > \"${SCRIPT_OUTPUT_FILE_0}\"\n";
			showEnvVarsInLog = 0;
		};
		22C328CF5A473D074C7B65D0 /* [CP] Embed Pods Frameworks */ = {
			isa = PBXShellScriptBuildPhase;
			buildActionMask = 2147483647;
			files = (
			);
			inputFileListPaths = (
				"${PODS_ROOT}/Target Support Files/Pods-EvilCartoon/Pods-EvilCartoon-frameworks-${CONFIGURATION}-input-files.xcfilelist",
			);
			name = "[CP] Embed Pods Frameworks";
			outputFileListPaths = (
				"${PODS_ROOT}/Target Support Files/Pods-EvilCartoon/Pods-EvilCartoon-frameworks-${CONFIGURATION}-output-files.xcfilelist",
			);
			runOnlyForDeploymentPostprocessing = 0;
			shellPath = /bin/sh;
			shellScript = "\"${PODS_ROOT}/Target Support Files/Pods-EvilCartoon/Pods-EvilCartoon-frameworks.sh\"\n";
			showEnvVarsInLog = 0;
		};
		315C29C553EE131933D42A23 /* [CP] Embed Pods Frameworks */ = {
			isa = PBXShellScriptBuildPhase;
			buildActionMask = 2147483647;
			files = (
			);
			inputFileListPaths = (
				"${PODS_ROOT}/Target Support Files/Pods-EvilCartoon-EvilCartoonUITests/Pods-EvilCartoon-EvilCartoonUITests-frameworks-${CONFIGURATION}-input-files.xcfilelist",
			);
			name = "[CP] Embed Pods Frameworks";
			outputFileListPaths = (
				"${PODS_ROOT}/Target Support Files/Pods-EvilCartoon-EvilCartoonUITests/Pods-EvilCartoon-EvilCartoonUITests-frameworks-${CONFIGURATION}-output-files.xcfilelist",
			);
			runOnlyForDeploymentPostprocessing = 0;
			shellPath = /bin/sh;
			shellScript = "\"${PODS_ROOT}/Target Support Files/Pods-EvilCartoon-EvilCartoonUITests/Pods-EvilCartoon-EvilCartoonUITests-frameworks.sh\"\n";
			showEnvVarsInLog = 0;
		};
		8312BA70141F061FAE8781E2 /* [CP] Check Pods Manifest.lock */ = {
			isa = PBXShellScriptBuildPhase;
			buildActionMask = 2147483647;
			files = (
			);
			inputFileListPaths = (
			);
			inputPaths = (
				"${PODS_PODFILE_DIR_PATH}/Podfile.lock",
				"${PODS_ROOT}/Manifest.lock",
			);
			name = "[CP] Check Pods Manifest.lock";
			outputFileListPaths = (
			);
			outputPaths = (
				"$(DERIVED_FILE_DIR)/Pods-EvilCartoon-EvilCartoonUITests-checkManifestLockResult.txt",
			);
			runOnlyForDeploymentPostprocessing = 0;
			shellPath = /bin/sh;
			shellScript = "diff \"${PODS_PODFILE_DIR_PATH}/Podfile.lock\" \"${PODS_ROOT}/Manifest.lock\" > /dev/null\nif [ $? != 0 ] ; then\n    # print error to STDERR\n    echo \"error: The sandbox is not in sync with the Podfile.lock. Run 'pod install' or update your CocoaPods installation.\" >&2\n    exit 1\nfi\n# This output is used by Xcode 'outputs' to avoid re-running this script phase.\necho \"SUCCESS\" > \"${SCRIPT_OUTPUT_FILE_0}\"\n";
			showEnvVarsInLog = 0;
		};
		BEE1F3590414EBD3363CACBB /* [CP] Embed Pods Frameworks */ = {
			isa = PBXShellScriptBuildPhase;
			buildActionMask = 2147483647;
			files = (
			);
			inputFileListPaths = (
				"${PODS_ROOT}/Target Support Files/Pods-EvilCartoonTests/Pods-EvilCartoonTests-frameworks-${CONFIGURATION}-input-files.xcfilelist",
			);
			name = "[CP] Embed Pods Frameworks";
			outputFileListPaths = (
				"${PODS_ROOT}/Target Support Files/Pods-EvilCartoonTests/Pods-EvilCartoonTests-frameworks-${CONFIGURATION}-output-files.xcfilelist",
			);
			runOnlyForDeploymentPostprocessing = 0;
			shellPath = /bin/sh;
			shellScript = "\"${PODS_ROOT}/Target Support Files/Pods-EvilCartoonTests/Pods-EvilCartoonTests-frameworks.sh\"\n";
			showEnvVarsInLog = 0;
		};
		EEF75C0C794727547A050649 /* [CP] Check Pods Manifest.lock */ = {
			isa = PBXShellScriptBuildPhase;
			buildActionMask = 2147483647;
			files = (
			);
			inputFileListPaths = (
			);
			inputPaths = (
				"${PODS_PODFILE_DIR_PATH}/Podfile.lock",
				"${PODS_ROOT}/Manifest.lock",
			);
			name = "[CP] Check Pods Manifest.lock";
			outputFileListPaths = (
			);
			outputPaths = (
				"$(DERIVED_FILE_DIR)/Pods-EvilCartoon-checkManifestLockResult.txt",
			);
			runOnlyForDeploymentPostprocessing = 0;
			shellPath = /bin/sh;
			shellScript = "diff \"${PODS_PODFILE_DIR_PATH}/Podfile.lock\" \"${PODS_ROOT}/Manifest.lock\" > /dev/null\nif [ $? != 0 ] ; then\n    # print error to STDERR\n    echo \"error: The sandbox is not in sync with the Podfile.lock. Run 'pod install' or update your CocoaPods installation.\" >&2\n    exit 1\nfi\n# This output is used by Xcode 'outputs' to avoid re-running this script phase.\necho \"SUCCESS\" > \"${SCRIPT_OUTPUT_FILE_0}\"\n";
			showEnvVarsInLog = 0;
		};
/* End PBXShellScriptBuildPhase section */

/* Begin PBXSourcesBuildPhase section */
		542A566B2493A59800657661 /* Sources */ = {
			isa = PBXSourcesBuildPhase;
			buildActionMask = 2147483647;
			files = (
				54FF6D9A24C0733000526D04 /* ECRecommendCell.swift in Sources */,
				540D57AA249A380000FB511A /* ECRootTabBarController.swift in Sources */,
				540D57B2249A38FB00FB511A /* ECHomeViewController.swift in Sources */,
				54883D2424C6D6940049F1B2 /* ECRecommendModel.swift in Sources */,
				54883D2224C6D4A30049F1B2 /* UAPI.swift in Sources */,
				54FF6D9824C072B400526D04 /* ECBaseCollectionViewCell.swift in Sources */,
				540D57BA249A393500FB511A /* ECBookshelfViewController.swift in Sources */,
				5418966624AB5E38007F19C5 /* ECRecommendViewController.swift in Sources */,
				542A56732493A59800657661 /* AppDelegate.swift in Sources */,
				542BF28524A0CEF500C75FD1 /* ECRootViewController.swift in Sources */,
				54E0665F24C5B01B00236855 /* Global.swift in Sources */,
				540D57B6249A390E00FB511A /* ECCategoryViewController.swift in Sources */,
				540D57BE249A395200FB511A /* ECMineViewController.swift in Sources */,
				54E0665D24C5AFFF00236855 /* UIColorExtension.swift in Sources */,
				54883D2024C688C90049F1B2 /* ECRecommendReusableHeaderView.swift in Sources */,
			);
			runOnlyForDeploymentPostprocessing = 0;
		};
		542A56812493A59B00657661 /* Sources */ = {
			isa = PBXSourcesBuildPhase;
			buildActionMask = 2147483647;
			files = (
				542A568A2493A59B00657661 /* EvilCartoonTests.swift in Sources */,
				540D57BB249A393500FB511A /* ECBookshelfViewController.swift in Sources */,
				540D57B3249A38FB00FB511A /* ECHomeViewController.swift in Sources */,
				5418966724AB5E38007F19C5 /* ECRecommendViewController.swift in Sources */,
				540D57B7249A390E00FB511A /* ECCategoryViewController.swift in Sources */,
				542BF28624A0CEF500C75FD1 /* ECRootViewController.swift in Sources */,
				540D57AB249A380000FB511A /* ECRootTabBarController.swift in Sources */,
				540D57BF249A395200FB511A /* ECMineViewController.swift in Sources */,
				54A8ADA724CEA98B009E3ACA /* UAPI.swift in Sources */,
				54A8ADA624CEA985009E3ACA /* Global.swift in Sources */,
			);
			runOnlyForDeploymentPostprocessing = 0;
		};
		542A568C2493A59B00657661 /* Sources */ = {
			isa = PBXSourcesBuildPhase;
			buildActionMask = 2147483647;
			files = (
				542A56952493A59B00657661 /* EvilCartoonUITests.swift in Sources */,
				540D57BC249A393500FB511A /* ECBookshelfViewController.swift in Sources */,
				540D57B4249A38FB00FB511A /* ECHomeViewController.swift in Sources */,
				5418966824AB5E38007F19C5 /* ECRecommendViewController.swift in Sources */,
				540D57B8249A390E00FB511A /* ECCategoryViewController.swift in Sources */,
				542BF28724A0CEF500C75FD1 /* ECRootViewController.swift in Sources */,
				540D57AC249A380000FB511A /* ECRootTabBarController.swift in Sources */,
				540D57C0249A395200FB511A /* ECMineViewController.swift in Sources */,
			);
			runOnlyForDeploymentPostprocessing = 0;
		};
/* End PBXSourcesBuildPhase section */

/* Begin PBXTargetDependency section */
		542A56872493A59B00657661 /* PBXTargetDependency */ = {
			isa = PBXTargetDependency;
			target = 542A566E2493A59800657661 /* EvilCartoon */;
			targetProxy = 542A56862493A59B00657661 /* PBXContainerItemProxy */;
		};
		542A56922493A59B00657661 /* PBXTargetDependency */ = {
			isa = PBXTargetDependency;
			target = 542A566E2493A59800657661 /* EvilCartoon */;
			targetProxy = 542A56912493A59B00657661 /* PBXContainerItemProxy */;
		};
/* End PBXTargetDependency section */

/* Begin PBXVariantGroup section */
		542A567D2493A59B00657661 /* LaunchScreen.storyboard */ = {
			isa = PBXVariantGroup;
			children = (
				542A567E2493A59B00657661 /* Base */,
			);
			name = LaunchScreen.storyboard;
			sourceTree = "<group>";
		};
/* End PBXVariantGroup section */

/* Begin XCBuildConfiguration section */
		542A56972493A59C00657661 /* Debug */ = {
			isa = XCBuildConfiguration;
			buildSettings = {
				ALWAYS_SEARCH_USER_PATHS = NO;
				CLANG_ANALYZER_NONNULL = YES;
				CLANG_ANALYZER_NUMBER_OBJECT_CONVERSION = YES_AGGRESSIVE;
				CLANG_CXX_LANGUAGE_STANDARD = "gnu++14";
				CLANG_CXX_LIBRARY = "libc++";
				CLANG_ENABLE_MODULES = YES;
				CLANG_ENABLE_OBJC_ARC = YES;
				CLANG_ENABLE_OBJC_WEAK = YES;
				CLANG_WARN_BLOCK_CAPTURE_AUTORELEASING = YES;
				CLANG_WARN_BOOL_CONVERSION = YES;
				CLANG_WARN_COMMA = YES;
				CLANG_WARN_CONSTANT_CONVERSION = YES;
				CLANG_WARN_DEPRECATED_OBJC_IMPLEMENTATIONS = YES;
				CLANG_WARN_DIRECT_OBJC_ISA_USAGE = YES_ERROR;
				CLANG_WARN_DOCUMENTATION_COMMENTS = YES;
				CLANG_WARN_EMPTY_BODY = YES;
				CLANG_WARN_ENUM_CONVERSION = YES;
				CLANG_WARN_INFINITE_RECURSION = YES;
				CLANG_WARN_INT_CONVERSION = YES;
				CLANG_WARN_NON_LITERAL_NULL_CONVERSION = YES;
				CLANG_WARN_OBJC_IMPLICIT_RETAIN_SELF = YES;
				CLANG_WARN_OBJC_LITERAL_CONVERSION = YES;
				CLANG_WARN_OBJC_ROOT_CLASS = YES_ERROR;
				CLANG_WARN_RANGE_LOOP_ANALYSIS = YES;
				CLANG_WARN_STRICT_PROTOTYPES = YES;
				CLANG_WARN_SUSPICIOUS_MOVE = YES;
				CLANG_WARN_UNGUARDED_AVAILABILITY = YES_AGGRESSIVE;
				CLANG_WARN_UNREACHABLE_CODE = YES;
				CLANG_WARN__DUPLICATE_METHOD_MATCH = YES;
				COPY_PHASE_STRIP = NO;
				DEBUG_INFORMATION_FORMAT = dwarf;
				ENABLE_STRICT_OBJC_MSGSEND = YES;
				ENABLE_TESTABILITY = YES;
				GCC_C_LANGUAGE_STANDARD = gnu11;
				GCC_DYNAMIC_NO_PIC = NO;
				GCC_NO_COMMON_BLOCKS = YES;
				GCC_OPTIMIZATION_LEVEL = 0;
				GCC_PREPROCESSOR_DEFINITIONS = (
					"DEBUG=1",
					"$(inherited)",
				);
				GCC_WARN_64_TO_32_BIT_CONVERSION = YES;
				GCC_WARN_ABOUT_RETURN_TYPE = YES_ERROR;
				GCC_WARN_UNDECLARED_SELECTOR = YES;
				GCC_WARN_UNINITIALIZED_AUTOS = YES_AGGRESSIVE;
				GCC_WARN_UNUSED_FUNCTION = YES;
				GCC_WARN_UNUSED_VARIABLE = YES;
				IPHONEOS_DEPLOYMENT_TARGET = 13.2;
				MTL_ENABLE_DEBUG_INFO = INCLUDE_SOURCE;
				MTL_FAST_MATH = YES;
				ONLY_ACTIVE_ARCH = YES;
				SDKROOT = iphoneos;
				SWIFT_ACTIVE_COMPILATION_CONDITIONS = DEBUG;
				SWIFT_OPTIMIZATION_LEVEL = "-Onone";
			};
			name = Debug;
		};
		542A56982493A59C00657661 /* Release */ = {
			isa = XCBuildConfiguration;
			buildSettings = {
				ALWAYS_SEARCH_USER_PATHS = NO;
				CLANG_ANALYZER_NONNULL = YES;
				CLANG_ANALYZER_NUMBER_OBJECT_CONVERSION = YES_AGGRESSIVE;
				CLANG_CXX_LANGUAGE_STANDARD = "gnu++14";
				CLANG_CXX_LIBRARY = "libc++";
				CLANG_ENABLE_MODULES = YES;
				CLANG_ENABLE_OBJC_ARC = YES;
				CLANG_ENABLE_OBJC_WEAK = YES;
				CLANG_WARN_BLOCK_CAPTURE_AUTORELEASING = YES;
				CLANG_WARN_BOOL_CONVERSION = YES;
				CLANG_WARN_COMMA = YES;
				CLANG_WARN_CONSTANT_CONVERSION = YES;
				CLANG_WARN_DEPRECATED_OBJC_IMPLEMENTATIONS = YES;
				CLANG_WARN_DIRECT_OBJC_ISA_USAGE = YES_ERROR;
				CLANG_WARN_DOCUMENTATION_COMMENTS = YES;
				CLANG_WARN_EMPTY_BODY = YES;
				CLANG_WARN_ENUM_CONVERSION = YES;
				CLANG_WARN_INFINITE_RECURSION = YES;
				CLANG_WARN_INT_CONVERSION = YES;
				CLANG_WARN_NON_LITERAL_NULL_CONVERSION = YES;
				CLANG_WARN_OBJC_IMPLICIT_RETAIN_SELF = YES;
				CLANG_WARN_OBJC_LITERAL_CONVERSION = YES;
				CLANG_WARN_OBJC_ROOT_CLASS = YES_ERROR;
				CLANG_WARN_RANGE_LOOP_ANALYSIS = YES;
				CLANG_WARN_STRICT_PROTOTYPES = YES;
				CLANG_WARN_SUSPICIOUS_MOVE = YES;
				CLANG_WARN_UNGUARDED_AVAILABILITY = YES_AGGRESSIVE;
				CLANG_WARN_UNREACHABLE_CODE = YES;
				CLANG_WARN__DUPLICATE_METHOD_MATCH = YES;
				COPY_PHASE_STRIP = NO;
				DEBUG_INFORMATION_FORMAT = "dwarf-with-dsym";
				ENABLE_NS_ASSERTIONS = NO;
				ENABLE_STRICT_OBJC_MSGSEND = YES;
				GCC_C_LANGUAGE_STANDARD = gnu11;
				GCC_NO_COMMON_BLOCKS = YES;
				GCC_WARN_64_TO_32_BIT_CONVERSION = YES;
				GCC_WARN_ABOUT_RETURN_TYPE = YES_ERROR;
				GCC_WARN_UNDECLARED_SELECTOR = YES;
				GCC_WARN_UNINITIALIZED_AUTOS = YES_AGGRESSIVE;
				GCC_WARN_UNUSED_FUNCTION = YES;
				GCC_WARN_UNUSED_VARIABLE = YES;
				IPHONEOS_DEPLOYMENT_TARGET = 13.2;
				MTL_ENABLE_DEBUG_INFO = NO;
				MTL_FAST_MATH = YES;
				SDKROOT = iphoneos;
				SWIFT_COMPILATION_MODE = wholemodule;
				SWIFT_OPTIMIZATION_LEVEL = "-O";
				VALIDATE_PRODUCT = YES;
			};
			name = Release;
		};
		542A569A2493A59C00657661 /* Debug */ = {
			isa = XCBuildConfiguration;
			baseConfigurationReference = 3F1D5C0BE402D76706920D90 /* Pods-EvilCartoon.debug.xcconfig */;
			buildSettings = {
				ASSETCATALOG_COMPILER_APPICON_NAME = AppIcon;
				CODE_SIGN_IDENTITY = "iPhone Developer";
				CODE_SIGN_STYLE = Manual;
				DEVELOPMENT_TEAM = Z2K494VF76;
				INFOPLIST_FILE = EvilCartoon/Info.plist;
				IPHONEOS_DEPLOYMENT_TARGET = 10.0;
				LD_RUNPATH_SEARCH_PATHS = (
					"$(inherited)",
					"@executable_path/Frameworks",
				);
				PRODUCT_BUNDLE_IDENTIFIER = "com.fdzq.ForthrightSecurities-Dev2";
				PRODUCT_NAME = "$(TARGET_NAME)";
				PROVISIONING_PROFILE_SPECIFIER = "match Development com.fdzq.ForthrightSecurities-Dev2";
				SWIFT_OBJC_BRIDGING_HEADER = "$(PROJECT_DIR)/EvilCartoon/Utils/EvilCartoon-Bridging-Header.h";
				SWIFT_VERSION = 5.0;
				TARGETED_DEVICE_FAMILY = "1,2";
			};
			name = Debug;
		};
		542A569B2493A59C00657661 /* Release */ = {
			isa = XCBuildConfiguration;
			baseConfigurationReference = 91576F3DCA6CF4C7851DA19C /* Pods-EvilCartoon.release.xcconfig */;
			buildSettings = {
				ASSETCATALOG_COMPILER_APPICON_NAME = AppIcon;
				CODE_SIGN_IDENTITY = "iPhone Distribution";
				CODE_SIGN_STYLE = Manual;
				DEVELOPMENT_TEAM = 78A9ZU354J;
				INFOPLIST_FILE = EvilCartoon/Info.plist;
				IPHONEOS_DEPLOYMENT_TARGET = 10.0;
				LD_RUNPATH_SEARCH_PATHS = (
					"$(inherited)",
					"@executable_path/Frameworks",
				);
				PRODUCT_BUNDLE_IDENTIFIER = com.fdzq.ForthrightSecurities;
				PRODUCT_NAME = "$(TARGET_NAME)";
				PROVISIONING_PROFILE_SPECIFIER = "match AppStore *";
				SWIFT_OBJC_BRIDGING_HEADER = "$(PROJECT_DIR)/EvilCartoon/Utils/EvilCartoon-Bridging-Header.h";
				SWIFT_VERSION = 5.0;
				TARGETED_DEVICE_FAMILY = "1,2";
			};
			name = Release;
		};
		542A569D2493A59C00657661 /* Debug */ = {
			isa = XCBuildConfiguration;
			baseConfigurationReference = 41A6965028398C25916CD3BD /* Pods-EvilCartoonTests.debug.xcconfig */;
			buildSettings = {
				ALWAYS_EMBED_SWIFT_STANDARD_LIBRARIES = YES;
				BUNDLE_LOADER = "$(TEST_HOST)";
				CODE_SIGN_STYLE = Automatic;
				DEVELOPMENT_TEAM = 9667A46C8L;
				HEADER_SEARCH_PATHS = (
					"$(inherited)",
					"\"${PODS_CONFIGURATION_BUILD_DIR}/AFNetworking/AFNetworking.framework/Headers\"",
					"\"${PODS_CONFIGURATION_BUILD_DIR}/Alamofire/Alamofire.framework/Headers\"",
					"\"${PODS_CONFIGURATION_BUILD_DIR}/EmptyDataSet-Swift/EmptyDataSet_Swift.framework/Headers\"",
					"\"${PODS_CONFIGURATION_BUILD_DIR}/HMSegmentedControl/HMSegmentedControl.framework/Headers\"",
					"\"${PODS_CONFIGURATION_BUILD_DIR}/HandyJSON/HandyJSON.framework/Headers\"",
					"\"${PODS_CONFIGURATION_BUILD_DIR}/IQKeyboardManagerSwift/IQKeyboardManagerSwift.framework/Headers\"",
					"\"${PODS_CONFIGURATION_BUILD_DIR}/JXPagingView/JXPagingView.framework/Headers\"",
					"\"${PODS_CONFIGURATION_BUILD_DIR}/JXSegmentedView/JXSegmentedView.framework/Headers\"",
					"\"${PODS_CONFIGURATION_BUILD_DIR}/Kingfisher/Kingfisher.framework/Headers\"",
					"\"${PODS_CONFIGURATION_BUILD_DIR}/LLCycleScrollView/LLCycleScrollView.framework/Headers\"",
					"\"${PODS_CONFIGURATION_BUILD_DIR}/MBProgressHUD/MBProgressHUD.framework/Headers\"",
					"\"${PODS_CONFIGURATION_BUILD_DIR}/MJRefresh/MJRefresh.framework/Headers\"",
					"\"${PODS_CONFIGURATION_BUILD_DIR}/Moya/Moya.framework/Headers\"",
					"\"${PODS_CONFIGURATION_BUILD_DIR}/Result/Result.framework/Headers\"",
					"\"${PODS_CONFIGURATION_BUILD_DIR}/Reusable/Reusable.framework/Headers\"",
					"\"${PODS_CONFIGURATION_BUILD_DIR}/SnapKit/SnapKit.framework/Headers\"",
					"\"${PODS_CONFIGURATION_BUILD_DIR}/SnapKitExtend/SnapKitExtend.framework/Headers\"",
					"\"${PODS_CONFIGURATION_BUILD_DIR}/Then/Then.framework/Headers\"",
					"\"${PODS_CONFIGURATION_BUILD_DIR}/UINavigation-SXFixSpace/UINavigation_SXFixSpace.framework/Headers\"",
					"$(PROJECT_DIR)/usr/include",
				);
				INFOPLIST_FILE = EvilCartoonTests/Info.plist;
				IPHONEOS_DEPLOYMENT_TARGET = 13.2;
				LD_RUNPATH_SEARCH_PATHS = (
					"$(inherited)",
					"@executable_path/Frameworks",
					"@loader_path/Frameworks",
				);
				LIBRARY_SEARCH_PATHS = (
					"$(inherited)",
					"$(PROJECT_DIR)/EvilCartoonTests/usr/lib",
				);
				OTHER_LDFLAGS = (
					"$(inherited)",
					"-framework",
					"\"AFNetworking\"",
					"-framework",
					"\"Accelerate\"",
					"-framework",
					"\"Alamofire\"",
					"-framework",
					"\"CFNetwork\"",
					"-framework",
					"\"CoreGraphics\"",
					"-framework",
					"\"EmptyDataSet_Swift\"",
					"-framework",
					"\"Foundation\"",
					"-framework",
					"\"HMSegmentedControl\"",
					"-framework",
					"\"HandyJSON\"",
					"-framework",
					"\"IQKeyboardManagerSwift\"",
					"-framework",
					"\"JXPagingView\"",
					"-framework",
					"\"JXSegmentedView\"",
					"-framework",
					"\"Kingfisher\"",
					"-framework",
					"\"LLCycleScrollView\"",
					"-framework",
					"\"MBProgressHUD\"",
					"-framework",
					"\"MJRefresh\"",
					"-framework",
					"\"MobileCoreServices\"",
					"-framework",
					"\"Moya\"",
					"-framework",
					"\"QuartzCore\"",
					"-framework",
					"\"Result\"",
					"-framework",
					"\"Reusable\"",
					"-framework",
					"\"Security\"",
					"-framework",
					"\"SnapKit\"",
					"-framework",
					"\"SnapKitExtend\"",
					"-framework",
					"\"SystemConfiguration\"",
					"-framework",
					"\"Then\"",
					"-framework",
					"\"UIKit\"",
					"-framework",
					"\"UINavigation_SXFixSpace\"",
					"-ObjC",
				);
				PRODUCT_BUNDLE_IDENTIFIER = com.howhyone.EvilCartoonTests;
				PRODUCT_NAME = "$(TARGET_NAME)";
				SWIFT_VERSION = 5.0;
				TARGETED_DEVICE_FAMILY = "1,2";
				TEST_HOST = "$(BUILT_PRODUCTS_DIR)/EvilCartoon.app/EvilCartoon";
			};
			name = Debug;
		};
		542A569E2493A59C00657661 /* Release */ = {
			isa = XCBuildConfiguration;
			baseConfigurationReference = 14BEDE5017F68D67AB5D1413 /* Pods-EvilCartoonTests.release.xcconfig */;
			buildSettings = {
				ALWAYS_EMBED_SWIFT_STANDARD_LIBRARIES = YES;
				BUNDLE_LOADER = "$(TEST_HOST)";
				CODE_SIGN_STYLE = Automatic;
				DEVELOPMENT_TEAM = 9667A46C8L;
				HEADER_SEARCH_PATHS = (
					"$(inherited)",
					"\"${PODS_CONFIGURATION_BUILD_DIR}/AFNetworking/AFNetworking.framework/Headers\"",
					"\"${PODS_CONFIGURATION_BUILD_DIR}/Alamofire/Alamofire.framework/Headers\"",
					"\"${PODS_CONFIGURATION_BUILD_DIR}/EmptyDataSet-Swift/EmptyDataSet_Swift.framework/Headers\"",
					"\"${PODS_CONFIGURATION_BUILD_DIR}/HMSegmentedControl/HMSegmentedControl.framework/Headers\"",
					"\"${PODS_CONFIGURATION_BUILD_DIR}/HandyJSON/HandyJSON.framework/Headers\"",
					"\"${PODS_CONFIGURATION_BUILD_DIR}/IQKeyboardManagerSwift/IQKeyboardManagerSwift.framework/Headers\"",
					"\"${PODS_CONFIGURATION_BUILD_DIR}/JXPagingView/JXPagingView.framework/Headers\"",
					"\"${PODS_CONFIGURATION_BUILD_DIR}/JXSegmentedView/JXSegmentedView.framework/Headers\"",
					"\"${PODS_CONFIGURATION_BUILD_DIR}/Kingfisher/Kingfisher.framework/Headers\"",
					"\"${PODS_CONFIGURATION_BUILD_DIR}/LLCycleScrollView/LLCycleScrollView.framework/Headers\"",
					"\"${PODS_CONFIGURATION_BUILD_DIR}/MBProgressHUD/MBProgressHUD.framework/Headers\"",
					"\"${PODS_CONFIGURATION_BUILD_DIR}/MJRefresh/MJRefresh.framework/Headers\"",
					"\"${PODS_CONFIGURATION_BUILD_DIR}/Moya/Moya.framework/Headers\"",
					"\"${PODS_CONFIGURATION_BUILD_DIR}/Result/Result.framework/Headers\"",
					"\"${PODS_CONFIGURATION_BUILD_DIR}/Reusable/Reusable.framework/Headers\"",
					"\"${PODS_CONFIGURATION_BUILD_DIR}/SnapKit/SnapKit.framework/Headers\"",
					"\"${PODS_CONFIGURATION_BUILD_DIR}/SnapKitExtend/SnapKitExtend.framework/Headers\"",
					"\"${PODS_CONFIGURATION_BUILD_DIR}/Then/Then.framework/Headers\"",
					"\"${PODS_CONFIGURATION_BUILD_DIR}/UINavigation-SXFixSpace/UINavigation_SXFixSpace.framework/Headers\"",
					"$(PROJECT_DIR)/usr/include",
				);
				INFOPLIST_FILE = EvilCartoonTests/Info.plist;
				IPHONEOS_DEPLOYMENT_TARGET = 13.2;
				LD_RUNPATH_SEARCH_PATHS = (
					"$(inherited)",
					"@executable_path/Frameworks",
					"@loader_path/Frameworks",
				);
				LIBRARY_SEARCH_PATHS = (
					"$(inherited)",
					"$(PROJECT_DIR)/EvilCartoonTests/usr/lib",
				);
				OTHER_LDFLAGS = (
					"$(inherited)",
					"-framework",
					"\"AFNetworking\"",
					"-framework",
					"\"Accelerate\"",
					"-framework",
					"\"Alamofire\"",
					"-framework",
					"\"CFNetwork\"",
					"-framework",
					"\"CoreGraphics\"",
					"-framework",
					"\"EmptyDataSet_Swift\"",
					"-framework",
					"\"Foundation\"",
					"-framework",
					"\"HMSegmentedControl\"",
					"-framework",
					"\"HandyJSON\"",
					"-framework",
					"\"IQKeyboardManagerSwift\"",
					"-framework",
					"\"JXPagingView\"",
					"-framework",
					"\"JXSegmentedView\"",
					"-framework",
					"\"Kingfisher\"",
					"-framework",
					"\"LLCycleScrollView\"",
					"-framework",
					"\"MBProgressHUD\"",
					"-framework",
					"\"MJRefresh\"",
					"-framework",
					"\"MobileCoreServices\"",
					"-framework",
					"\"Moya\"",
					"-framework",
					"\"QuartzCore\"",
					"-framework",
					"\"Result\"",
					"-framework",
					"\"Reusable\"",
					"-framework",
					"\"Security\"",
					"-framework",
					"\"SnapKit\"",
					"-framework",
					"\"SnapKitExtend\"",
					"-framework",
					"\"SystemConfiguration\"",
					"-framework",
					"\"Then\"",
					"-framework",
					"\"UIKit\"",
					"-framework",
					"\"UINavigation_SXFixSpace\"",
					"-ObjC",
				);
				PRODUCT_BUNDLE_IDENTIFIER = com.howhyone.EvilCartoonTests;
				PRODUCT_NAME = "$(TARGET_NAME)";
				SWIFT_VERSION = 5.0;
				TARGETED_DEVICE_FAMILY = "1,2";
				TEST_HOST = "$(BUILT_PRODUCTS_DIR)/EvilCartoon.app/EvilCartoon";
			};
			name = Release;
		};
		542A56A02493A59C00657661 /* Debug */ = {
			isa = XCBuildConfiguration;
			baseConfigurationReference = 5871D2BDF20FA53A5E8A22CC /* Pods-EvilCartoon-EvilCartoonUITests.debug.xcconfig */;
			buildSettings = {
				ALWAYS_EMBED_SWIFT_STANDARD_LIBRARIES = YES;
				CODE_SIGN_STYLE = Automatic;
				DEVELOPMENT_TEAM = 9667A46C8L;
				INFOPLIST_FILE = EvilCartoonUITests/Info.plist;
				LD_RUNPATH_SEARCH_PATHS = (
					"$(inherited)",
					"@executable_path/Frameworks",
					"@loader_path/Frameworks",
				);
				PRODUCT_BUNDLE_IDENTIFIER = com.howhyone.EvilCartoonUITests;
				PRODUCT_NAME = "$(TARGET_NAME)";
				SWIFT_VERSION = 5.0;
				TARGETED_DEVICE_FAMILY = "1,2";
				TEST_TARGET_NAME = EvilCartoon;
			};
			name = Debug;
		};
		542A56A12493A59C00657661 /* Release */ = {
			isa = XCBuildConfiguration;
			baseConfigurationReference = 47CEB2BD4EF505990BB983D2 /* Pods-EvilCartoon-EvilCartoonUITests.release.xcconfig */;
			buildSettings = {
				ALWAYS_EMBED_SWIFT_STANDARD_LIBRARIES = YES;
				CODE_SIGN_STYLE = Automatic;
				DEVELOPMENT_TEAM = 9667A46C8L;
				INFOPLIST_FILE = EvilCartoonUITests/Info.plist;
				LD_RUNPATH_SEARCH_PATHS = (
					"$(inherited)",
					"@executable_path/Frameworks",
					"@loader_path/Frameworks",
				);
				PRODUCT_BUNDLE_IDENTIFIER = com.howhyone.EvilCartoonUITests;
				PRODUCT_NAME = "$(TARGET_NAME)";
				SWIFT_VERSION = 5.0;
				TARGETED_DEVICE_FAMILY = "1,2";
				TEST_TARGET_NAME = EvilCartoon;
			};
			name = Release;
		};
/* End XCBuildConfiguration section */

/* Begin XCConfigurationList section */
		542A566A2493A59800657661 /* Build configuration list for PBXProject "EvilCartoon" */ = {
			isa = XCConfigurationList;
			buildConfigurations = (
				542A56972493A59C00657661 /* Debug */,
				542A56982493A59C00657661 /* Release */,
			);
			defaultConfigurationIsVisible = 0;
			defaultConfigurationName = Release;
		};
		542A56992493A59C00657661 /* Build configuration list for PBXNativeTarget "EvilCartoon" */ = {
			isa = XCConfigurationList;
			buildConfigurations = (
				542A569A2493A59C00657661 /* Debug */,
				542A569B2493A59C00657661 /* Release */,
			);
			defaultConfigurationIsVisible = 0;
			defaultConfigurationName = Release;
		};
		542A569C2493A59C00657661 /* Build configuration list for PBXNativeTarget "EvilCartoonTests" */ = {
			isa = XCConfigurationList;
			buildConfigurations = (
				542A569D2493A59C00657661 /* Debug */,
				542A569E2493A59C00657661 /* Release */,
			);
			defaultConfigurationIsVisible = 0;
			defaultConfigurationName = Release;
		};
		542A569F2493A59C00657661 /* Build configuration list for PBXNativeTarget "EvilCartoonUITests" */ = {
			isa = XCConfigurationList;
			buildConfigurations = (
				542A56A02493A59C00657661 /* Debug */,
				542A56A12493A59C00657661 /* Release */,
			);
			defaultConfigurationIsVisible = 0;
			defaultConfigurationName = Release;
		};
/* End XCConfigurationList section */
	};
	rootObject = 542A56672493A59800657661 /* Project object */;
}
